// !$*UTF8*$!
{
	archiveVersion = 1;
	classes = {
	};
	objectVersion = 77;
	objects = {

/* Begin PBXContainerItemProxy section */
		37622B972D075D210091E85A /* PBXContainerItemProxy */ = {
			isa = PBXContainerItemProxy;
			containerPortal = 37622B782D075D1F0091E85A /* Project object */;
			proxyType = 1;
			remoteGlobalIDString = 37622B7F2D075D1F0091E85A;
			remoteInfo = ImageAppMvvm;
		};
		37622BA12D075D210091E85A /* PBXContainerItemProxy */ = {
			isa = PBXContainerItemProxy;
			containerPortal = 37622B782D075D1F0091E85A /* Project object */;
			proxyType = 1;
			remoteGlobalIDString = 37622B7F2D075D1F0091E85A;
			remoteInfo = ImageAppMvvm;
		};
/* End PBXContainerItemProxy section */

/* Begin PBXFileReference section */
		37622B802D075D1F0091E85A /* ImageAppMvvm.app */ = {isa = PBXFileReference; explicitFileType = wrapper.application; includeInIndex = 0; path = ImageAppMvvm.app; sourceTree = BUILT_PRODUCTS_DIR; };
		37622B962D075D210091E85A /* ImageAppMvvmTests.xctest */ = {isa = PBXFileReference; explicitFileType = wrapper.cfbundle; includeInIndex = 0; path = ImageAppMvvmTests.xctest; sourceTree = BUILT_PRODUCTS_DIR; };
		37622BA02D075D210091E85A /* ImageAppMvvmUITests.xctest */ = {isa = PBXFileReference; explicitFileType = wrapper.cfbundle; includeInIndex = 0; path = ImageAppMvvmUITests.xctest; sourceTree = BUILT_PRODUCTS_DIR; };
/* End PBXFileReference section */

/* Begin PBXFileSystemSynchronizedBuildFileExceptionSet section */
		37622BA82D075D210091E85A /* Exceptions for "ImageAppMvvm" folder in "ImageAppMvvm" target */ = {
			isa = PBXFileSystemSynchronizedBuildFileExceptionSet;
			membershipExceptions = (
				Info.plist,
			);
			target = 37622B7F2D075D1F0091E85A /* ImageAppMvvm */;
		};
/* End PBXFileSystemSynchronizedBuildFileExceptionSet section */

/* Begin PBXFileSystemSynchronizedRootGroup section */
		37622B822D075D1F0091E85A /* ImageAppMvvm */ = {
			isa = PBXFileSystemSynchronizedRootGroup;
			exceptions = (
				37622BA82D075D210091E85A /* Exceptions for "ImageAppMvvm" folder in "ImageAppMvvm" target */,
			);
			path = ImageAppMvvm;
			sourceTree = "<group>";
		};
		37622B992D075D210091E85A /* ImageAppMvvmTests */ = {
			isa = PBXFileSystemSynchronizedRootGroup;
			path = ImageAppMvvmTests;
			sourceTree = "<group>";
		};
		37622BA32D075D210091E85A /* ImageAppMvvmUITests */ = {
			isa = PBXFileSystemSynchronizedRootGroup;
			path = ImageAppMvvmUITests;
			sourceTree = "<group>";
		};
/* End PBXFileSystemSynchronizedRootGroup section */

/* Begin PBXFrameworksBuildPhase section */
		37622B7D2D075D1F0091E85A /* Frameworks */ = {
			isa = PBXFrameworksBuildPhase;
			buildActionMask = 2147483647;
			files = (
			);
			runOnlyForDeploymentPostprocessing = 0;
		};
		37622B932D075D210091E85A /* Frameworks */ = {
			isa = PBXFrameworksBuildPhase;
			buildActionMask = 2147483647;
			files = (
			);
			runOnlyForDeploymentPostprocessing = 0;
		};
		37622B9D2D075D210091E85A /* Frameworks */ = {
			isa = PBXFrameworksBuildPhase;
			buildActionMask = 2147483647;
			files = (
			);
			runOnlyForDeploymentPostprocessing = 0;
		};
/* End PBXFrameworksBuildPhase section */

/* Begin PBXGroup section */
		37622B772D075D1F0091E85A = {
			isa = PBXGroup;
			children = (
				37622B822D075D1F0091E85A /* ImageAppMvvm */,
				37622B992D075D210091E85A /* ImageAppMvvmTests */,
				37622BA32D075D210091E85A /* ImageAppMvvmUITests */,
				37622B812D075D1F0091E85A /* Products */,
			);
			sourceTree = "<group>";
		};
		37622B812D075D1F0091E85A /* Products */ = {
			isa = PBXGroup;
			children = (
				37622B802D075D1F0091E85A /* ImageAppMvvm.app */,
				37622B962D075D210091E85A /* ImageAppMvvmTests.xctest */,
				37622BA02D075D210091E85A /* ImageAppMvvmUITests.xctest */,
			);
			name = Products;
			sourceTree = "<group>";
		};
/* End PBXGroup section */

/* Begin PBXNativeTarget section */
		37622B7F2D075D1F0091E85A /* ImageAppMvvm */ = {
			isa = PBXNativeTarget;
			buildConfigurationList = 37622BA92D075D210091E85A /* Build configuration list for PBXNativeTarget "ImageAppMvvm" */;
			buildPhases = (
				37622B7C2D075D1F0091E85A /* Sources */,
				37622B7D2D075D1F0091E85A /* Frameworks */,
				37622B7E2D075D1F0091E85A /* Resources */,
			);
			buildRules = (
			);
			dependencies = (
			);
			fileSystemSynchronizedGroups = (
				37622B822D075D1F0091E85A /* ImageAppMvvm */,
			);
			name = ImageAppMvvm;
			packageProductDependencies = (
			);
			productName = ImageAppMvvm;
			productReference = 37622B802D075D1F0091E85A /* ImageAppMvvm.app */;
			productType = "com.apple.product-type.application";
		};
		37622B952D075D210091E85A /* ImageAppMvvmTests */ = {
			isa = PBXNativeTarget;
			buildConfigurationList = 37622BAE2D075D210091E85A /* Build configuration list for PBXNativeTarget "ImageAppMvvmTests" */;
			buildPhases = (
				37622B922D075D210091E85A /* Sources */,
				37622B932D075D210091E85A /* Frameworks */,
				37622B942D075D210091E85A /* Resources */,
			);
			buildRules = (
			);
			dependencies = (
				37622B982D075D210091E85A /* PBXTargetDependency */,
			);
			fileSystemSynchronizedGroups = (
				37622B992D075D210091E85A /* ImageAppMvvmTests */,
			);
			name = ImageAppMvvmTests;
			packageProductDependencies = (
			);
			productName = ImageAppMvvmTests;
			productReference = 37622B962D075D210091E85A /* ImageAppMvvmTests.xctest */;
			productType = "com.apple.product-type.bundle.unit-test";
		};
		37622B9F2D075D210091E85A /* ImageAppMvvmUITests */ = {
			isa = PBXNativeTarget;
			buildConfigurationList = 37622BB12D075D210091E85A /* Build configuration list for PBXNativeTarget "ImageAppMvvmUITests" */;
			buildPhases = (
				37622B9C2D075D210091E85A /* Sources */,
				37622B9D2D075D210091E85A /* Frameworks */,
				37622B9E2D075D210091E85A /* Resources */,
			);
			buildRules = (
			);
			dependencies = (
				37622BA22D075D210091E85A /* PBXTargetDependency */,
			);
			fileSystemSynchronizedGroups = (
				37622BA32D075D210091E85A /* ImageAppMvvmUITests */,
			);
			name = ImageAppMvvmUITests;
			packageProductDependencies = (
			);
			productName = ImageAppMvvmUITests;
			productReference = 37622BA02D075D210091E85A /* ImageAppMvvmUITests.xctest */;
			productType = "com.apple.product-type.bundle.ui-testing";
		};
/* End PBXNativeTarget section */

/* Begin PBXProject section */
		37622B782D075D1F0091E85A /* Project object */ = {
			isa = PBXProject;
			attributes = {
				BuildIndependentTargetsInParallel = 1;
				LastSwiftUpdateCheck = 1610;
				LastUpgradeCheck = 1610;
				TargetAttributes = {
					37622B7F2D075D1F0091E85A = {
						CreatedOnToolsVersion = 16.1;
					};
					37622B952D075D210091E85A = {
						CreatedOnToolsVersion = 16.1;
						TestTargetID = 37622B7F2D075D1F0091E85A;
					};
					37622B9F2D075D210091E85A = {
						CreatedOnToolsVersion = 16.1;
						TestTargetID = 37622B7F2D075D1F0091E85A;
					};
				};
			};
			buildConfigurationList = 37622B7B2D075D1F0091E85A /* Build configuration list for PBXProject "ImageAppMvvm" */;
			developmentRegion = en;
			hasScannedForEncodings = 0;
			knownRegions = (
				en,
				Base,
			);
			mainGroup = 37622B772D075D1F0091E85A;
			minimizedProjectReferenceProxies = 1;
			preferredProjectObjectVersion = 77;
			productRefGroup = 37622B812D075D1F0091E85A /* Products */;
			projectDirPath = "";
			projectRoot = "";
			targets = (
				37622B7F2D075D1F0091E85A /* ImageAppMvvm */,
				37622B952D075D210091E85A /* ImageAppMvvmTests */,
				37622B9F2D075D210091E85A /* ImageAppMvvmUITests */,
			);
		};
/* End PBXProject section */

/* Begin PBXResourcesBuildPhase section */
		37622B7E2D075D1F0091E85A /* Resources */ = {
			isa = PBXResourcesBuildPhase;
			buildActionMask = 2147483647;
			files = (
			);
			runOnlyForDeploymentPostprocessing = 0;
		};
		37622B942D075D210091E85A /* Resources */ = {
			isa = PBXResourcesBuildPhase;
			buildActionMask = 2147483647;
			files = (
			);
			runOnlyForDeploymentPostprocessing = 0;
		};
		37622B9E2D075D210091E85A /* Resources */ = {
			isa = PBXResourcesBuildPhase;
			buildActionMask = 2147483647;
			files = (
			);
			runOnlyForDeploymentPostprocessing = 0;
		};
/* End PBXResourcesBuildPhase section */

/* Begin PBXSourcesBuildPhase section */
		37622B7C2D075D1F0091E85A /* Sources */ = {
			isa = PBXSourcesBuildPhase;
			buildActionMask = 2147483647;
			files = (
			);
			runOnlyForDeploymentPostprocessing = 0;
		};
		37622B922D075D210091E85A /* Sources */ = {
			isa = PBXSourcesBuildPhase;
			buildActionMask = 2147483647;
			files = (
			);
			runOnlyForDeploymentPostprocessing = 0;
		};
		37622B9C2D075D210091E85A /* Sources */ = {
			isa = PBXSourcesBuildPhase;
			buildActionMask = 2147483647;
			files = (
			);
			runOnlyForDeploymentPostprocessing = 0;
		};
/* End PBXSourcesBuildPhase section */

/* Begin PBXTargetDependency section */
		37622B982D075D210091E85A /* PBXTargetDependency */ = {
			isa = PBXTargetDependency;
			target = 37622B7F2D075D1F0091E85A /* ImageAppMvvm */;
			targetProxy = 37622B972D075D210091E85A /* PBXContainerItemProxy */;
		};
		37622BA22D075D210091E85A /* PBXTargetDependency */ = {
			isa = PBXTargetDependency;
			target = 37622B7F2D075D1F0091E85A /* ImageAppMvvm */;
			targetProxy = 37622BA12D075D210091E85A /* PBXContainerItemProxy */;
		};
/* End PBXTargetDependency section */

/* Begin XCBuildConfiguration section */
		37622BAA2D075D210091E85A /* Debug */ = {
			isa = XCBuildConfiguration;
			buildSettings = {
				ASSETCATALOG_COMPILER_APPICON_NAME = AppIcon;
				ASSETCATALOG_COMPILER_GLOBAL_ACCENT_COLOR_NAME = AccentColor;
				CODE_SIGN_STYLE = Automatic;
				CURRENT_PROJECT_VERSION = 1;
				GENERATE_INFOPLIST_FILE = YES;
				INFOPLIST_FILE = ImageAppMvvm/Info.plist;
				INFOPLIST_KEY_UIApplicationSupportsIndirectInputEvents = YES;
				INFOPLIST_KEY_UILaunchStoryboardName = LaunchScreen;
				INFOPLIST_KEY_UIMainStoryboardFile = Main;
				INFOPLIST_KEY_UISupportedInterfaceOrientations_iPad = "UIInterfaceOrientationPortrait UIInterfaceOrientationPortraitUpsideDown UIInterfaceOrientationLandscapeLeft UIInterfaceOrientationLandscapeRight";
				INFOPLIST_KEY_UISupportedInterfaceOrientations_iPhone = "UIInterfaceOrientationPortrait UIInterfaceOrientationLandscapeLeft UIInterfaceOrientationLandscapeRight";
				LD_RUNPATH_SEARCH_PATHS = (
					"$(inherited)",
					"@executable_path/Frameworks",
				);
				MARKETING_VERSION = 1.0;
				PRODUCT_BUNDLE_IDENTIFIER = com.apolis.ImageAppMvvm;
				PRODUCT_NAME = "$(TARGET_NAME)";
				SWIFT_EMIT_LOC_STRINGS = YES;
				SWIFT_VERSION = 5.0;
				TARGETED_DEVICE_FAMILY = "1,2";
			};
			name = Debug;
		};
		37622BAB2D075D210091E85A /* Release */ = {
			isa = XCBuildConfiguration;
			buildSettings = {
				ASSETCATALOG_COMPILER_APPICON_NAME = AppIcon;
				ASSETCATALOG_COMPILER_GLOBAL_ACCENT_COLOR_NAME = AccentColor;
				CODE_SIGN_STYLE = Automatic;
				CURRENT_PROJECT_VERSION = 1;
				GENERATE_INFOPLIST_FILE = YES;
				INFOPLIST_FILE = ImageAppMvvm/Info.plist;
				INFOPLIST_KEY_UIApplicationSupportsIndirectInputEvents = YES;
				INFOPLIST_KEY_UILaunchStoryboardName = LaunchScreen;
				INFOPLIST_KEY_UIMainStoryboardFile = Main;
				INFOPLIST_KEY_UISupportedInterfaceOrientations_iPad = "UIInterfaceOrientationPortrait UIInterfaceOrientationPortraitUpsideDown UIInterfaceOrientationLandscapeLeft UIInterfaceOrientationLandscapeRight";
				INFOPLIST_KEY_UISupportedInterfaceOrientations_iPhone = "UIInterfaceOrientationPortrait UIInterfaceOrientationLandscapeLeft UIInterfaceOrientationLandscapeRight";
				LD_RUNPATH_SEARCH_PATHS = (
					"$(inherited)",
					"@executable_path/Frameworks",
				);
				MARKETING_VERSION = 1.0;
				PRODUCT_BUNDLE_IDENTIFIER = com.apolis.ImageAppMvvm;
				PRODUCT_NAME = "$(TARGET_NAME)";
				SWIFT_EMIT_LOC_STRINGS = YES;
				SWIFT_VERSION = 5.0;
				TARGETED_DEVICE_FAMILY = "1,2";
			};
			name = Release;
		};
		37622BAC2D075D210091E85A /* Debug */ = {
			isa = XCBuildConfiguration;
			buildSettings = {
				ALWAYS_SEARCH_USER_PATHS = NO;
				ASSETCATALOG_COMPILER_GENERATE_SWIFT_ASSET_SYMBOL_EXTENSIONS = YES;
				CLANG_ANALYZER_NONNULL = YES;
				CLANG_ANALYZER_NUMBER_OBJECT_CONVERSION = YES_AGGRESSIVE;
				CLANG_CXX_LANGUAGE_STANDARD = "gnu++20";
				CLANG_ENABLE_MODULES = YES;
				CLANG_ENABLE_OBJC_ARC = YES;
				CLANG_ENABLE_OBJC_WEAK = YES;
				CLANG_WARN_BLOCK_CAPTURE_AUTORELEASING = YES;
				CLANG_WARN_BOOL_CONVERSION = YES;
				CLANG_WARN_COMMA = YES;
				CLANG_WARN_CONSTANT_CONVERSION = YES;
				CLANG_WARN_DEPRECATED_OBJC_IMPLEMENTATIONS = YES;
				CLANG_WARN_DIRECT_OBJC_ISA_USAGE = YES_ERROR;
				CLANG_WARN_DOCUMENTATION_COMMENTS = YES;
				CLANG_WARN_EMPTY_BODY = YES;
				CLANG_WARN_ENUM_CONVERSION = YES;
				CLANG_WARN_INFINITE_RECURSION = YES;
				CLANG_WARN_INT_CONVERSION = YES;
				CLANG_WARN_NON_LITERAL_NULL_CONVERSION = YES;
				CLANG_WARN_OBJC_IMPLICIT_RETAIN_SELF = YES;
				CLANG_WARN_OBJC_LITERAL_CONVERSION = YES;
				CLANG_WARN_OBJC_ROOT_CLASS = YES_ERROR;
				CLANG_WARN_QUOTED_INCLUDE_IN_FRAMEWORK_HEADER = YES;
				CLANG_WARN_RANGE_LOOP_ANALYSIS = YES;
				CLANG_WARN_STRICT_PROTOTYPES = YES;
				CLANG_WARN_SUSPICIOUS_MOVE = YES;
				CLANG_WARN_UNGUARDED_AVAILABILITY = YES_AGGRESSIVE;
				CLANG_WARN_UNREACHABLE_CODE = YES;
				CLANG_WARN__DUPLICATE_METHOD_MATCH = YES;
				COPY_PHASE_STRIP = NO;
				DEBUG_INFORMATION_FORMAT = dwarf;
				ENABLE_STRICT_OBJC_MSGSEND = YES;
				ENABLE_TESTABILITY = YES;
				ENABLE_USER_SCRIPT_SANDBOXING = YES;
				GCC_C_LANGUAGE_STANDARD = gnu17;
				GCC_DYNAMIC_NO_PIC = NO;
				GCC_NO_COMMON_BLOCKS = YES;
				GCC_OPTIMIZATION_LEVEL = 0;
				GCC_PREPROCESSOR_DEFINITIONS = (
					"DEBUG=1",
					"$(inherited)",
				);
				GCC_WARN_64_TO_32_BIT_CONVERSION = YES;
				GCC_WARN_ABOUT_RETURN_TYPE = YES_ERROR;
				GCC_WARN_UNDECLARED_SELECTOR = YES;
				GCC_WARN_UNINITIALIZED_AUTOS = YES_AGGRESSIVE;
				GCC_WARN_UNUSED_FUNCTION = YES;
				GCC_WARN_UNUSED_VARIABLE = YES;
				IPHONEOS_DEPLOYMENT_TARGET = 18.1;
				LOCALIZATION_PREFERS_STRING_CATALOGS = YES;
				MTL_ENABLE_DEBUG_INFO = INCLUDE_SOURCE;
				MTL_FAST_MATH = YES;
				ONLY_ACTIVE_ARCH = YES;
				SDKROOT = iphoneos;
				SWIFT_ACTIVE_COMPILATION_CONDITIONS = "DEBUG $(inherited)";
				SWIFT_OPTIMIZATION_LEVEL = "-Onone";
			};
			name = Debug;
		};
		37622BAD2D075D210091E85A /* Release */ = {
			isa = XCBuildConfiguration;
			buildSettings = {
				ALWAYS_SEARCH_USER_PATHS = NO;
				ASSETCATALOG_COMPILER_GENERATE_SWIFT_ASSET_SYMBOL_EXTENSIONS = YES;
				CLANG_ANALYZER_NONNULL = YES;
				CLANG_ANALYZER_NUMBER_OBJECT_CONVERSION = YES_AGGRESSIVE;
				CLANG_CXX_LANGUAGE_STANDARD = "gnu++20";
				CLANG_ENABLE_MODULES = YES;
				CLANG_ENABLE_OBJC_ARC = YES;
				CLANG_ENABLE_OBJC_WEAK = YES;
				CLANG_WARN_BLOCK_CAPTURE_AUTORELEASING = YES;
				CLANG_WARN_BOOL_CONVERSION = YES;
				CLANG_WARN_COMMA = YES;
				CLANG_WARN_CONSTANT_CONVERSION = YES;
				CLANG_WARN_DEPRECATED_OBJC_IMPLEMENTATIONS = YES;
				CLANG_WARN_DIRECT_OBJC_ISA_USAGE = YES_ERROR;
				CLANG_WARN_DOCUMENTATION_COMMENTS = YES;
				CLANG_WARN_EMPTY_BODY = YES;
				CLANG_WARN_ENUM_CONVERSION = YES;
				CLANG_WARN_INFINITE_RECURSION = YES;
				CLANG_WARN_INT_CONVERSION = YES;
				CLANG_WARN_NON_LITERAL_NULL_CONVERSION = YES;
				CLANG_WARN_OBJC_IMPLICIT_RETAIN_SELF = YES;
				CLANG_WARN_OBJC_LITERAL_CONVERSION = YES;
				CLANG_WARN_OBJC_ROOT_CLASS = YES_ERROR;
				CLANG_WARN_QUOTED_INCLUDE_IN_FRAMEWORK_HEADER = YES;
				CLANG_WARN_RANGE_LOOP_ANALYSIS = YES;
				CLANG_WARN_STRICT_PROTOTYPES = YES;
				CLANG_WARN_SUSPICIOUS_MOVE = YES;
				CLANG_WARN_UNGUARDED_AVAILABILITY = YES_AGGRESSIVE;
				CLANG_WARN_UNREACHABLE_CODE = YES;
				CLANG_WARN__DUPLICATE_METHOD_MATCH = YES;
				COPY_PHASE_STRIP = NO;
				DEBUG_INFORMATION_FORMAT = "dwarf-with-dsym";
				ENABLE_NS_ASSERTIONS = NO;
				ENABLE_STRICT_OBJC_MSGSEND = YES;
				ENABLE_USER_SCRIPT_SANDBOXING = YES;
				GCC_C_LANGUAGE_STANDARD = gnu17;
				GCC_NO_COMMON_BLOCKS = YES;
				GCC_WARN_64_TO_32_BIT_CONVERSION = YES;
				GCC_WARN_ABOUT_RETURN_TYPE = YES_ERROR;
				GCC_WARN_UNDECLARED_SELECTOR = YES;
				GCC_WARN_UNINITIALIZED_AUTOS = YES_AGGRESSIVE;
				GCC_WARN_UNUSED_FUNCTION = YES;
				GCC_WARN_UNUSED_VARIABLE = YES;
				IPHONEOS_DEPLOYMENT_TARGET = 18.1;
				LOCALIZATION_PREFERS_STRING_CATALOGS = YES;
				MTL_ENABLE_DEBUG_INFO = NO;
				MTL_FAST_MATH = YES;
				SDKROOT = iphoneos;
				SWIFT_COMPILATION_MODE = wholemodule;
				VALIDATE_PRODUCT = YES;
			};
			name = Release;
		};
		37622BAF2D075D210091E85A /* Debug */ = {
			isa = XCBuildConfiguration;
			buildSettings = {
				BUNDLE_LOADER = "$(TEST_HOST)";
				CODE_SIGN_STYLE = Automatic;
				CURRENT_PROJECT_VERSION = 1;
				GENERATE_INFOPLIST_FILE = YES;
				IPHONEOS_DEPLOYMENT_TARGET = 18.1;
				MARKETING_VERSION = 1.0;
				PRODUCT_BUNDLE_IDENTIFIER = com.apolis.ImageAppMvvmTests;
				PRODUCT_NAME = "$(TARGET_NAME)";
				SWIFT_EMIT_LOC_STRINGS = NO;
				SWIFT_VERSION = 5.0;
				TARGETED_DEVICE_FAMILY = "1,2";
				TEST_HOST = "$(BUILT_PRODUCTS_DIR)/ImageAppMvvm.app/$(BUNDLE_EXECUTABLE_FOLDER_PATH)/ImageAppMvvm";
			};
			name = Debug;
		};
		37622BB02D075D210091E85A /* Release */ = {
			isa = XCBuildConfiguration;
			buildSettings = {
				BUNDLE_LOADER = "$(TEST_HOST)";
				CODE_SIGN_STYLE = Automatic;
				CURRENT_PROJECT_VERSION = 1;
				GENERATE_INFOPLIST_FILE = YES;
				IPHONEOS_DEPLOYMENT_TARGET = 18.1;
				MARKETING_VERSION = 1.0;
				PRODUCT_BUNDLE_IDENTIFIER = com.apolis.ImageAppMvvmTests;
				PRODUCT_NAME = "$(TARGET_NAME)";
				SWIFT_EMIT_LOC_STRINGS = NO;
				SWIFT_VERSION = 5.0;
				TARGETED_DEVICE_FAMILY = "1,2";
				TEST_HOST = "$(BUILT_PRODUCTS_DIR)/ImageAppMvvm.app/$(BUNDLE_EXECUTABLE_FOLDER_PATH)/ImageAppMvvm";
			};
			name = Release;
		};
		37622BB22D075D210091E85A /* Debug */ = {
			isa = XCBuildConfiguration;
			buildSettings = {
				CODE_SIGN_STYLE = Automatic;
				CURRENT_PROJECT_VERSION = 1;
				GENERATE_INFOPLIST_FILE = YES;
				MARKETING_VERSION = 1.0;
				PRODUCT_BUNDLE_IDENTIFIER = com.apolis.ImageAppMvvmUITests;
				PRODUCT_NAME = "$(TARGET_NAME)";
				SWIFT_EMIT_LOC_STRINGS = NO;
				SWIFT_VERSION = 5.0;
				TARGETED_DEVICE_FAMILY = "1,2";
				TEST_TARGET_NAME = ImageAppMvvm;
			};
			name = Debug;
		};
		37622BB32D075D210091E85A /* Release */ = {
			isa = XCBuildConfiguration;
			buildSettings = {
				CODE_SIGN_STYLE = Automatic;
				CURRENT_PROJECT_VERSION = 1;
				GENERATE_INFOPLIST_FILE = YES;
				MARKETING_VERSION = 1.0;
				PRODUCT_BUNDLE_IDENTIFIER = com.apolis.ImageAppMvvmUITests;
				PRODUCT_NAME = "$(TARGET_NAME)";
				SWIFT_EMIT_LOC_STRINGS = NO;
				SWIFT_VERSION = 5.0;
				TARGETED_DEVICE_FAMILY = "1,2";
				TEST_TARGET_NAME = ImageAppMvvm;
			};
			name = Release;
		};
/* End XCBuildConfiguration section */

/* Begin XCConfigurationList section */
		37622B7B2D075D1F0091E85A /* Build configuration list for PBXProject "ImageAppMvvm" */ = {
			isa = XCConfigurationList;
			buildConfigurations = (
				37622BAC2D075D210091E85A /* Debug */,
				37622BAD2D075D210091E85A /* Release */,
			);
			defaultConfigurationIsVisible = 0;
			defaultConfigurationName = Release;
		};
		37622BA92D075D210091E85A /* Build configuration list for PBXNativeTarget "ImageAppMvvm" */ = {
			isa = XCConfigurationList;
			buildConfigurations = (
				37622BAA2D075D210091E85A /* Debug */,
				37622BAB2D075D210091E85A /* Release */,
			);
			defaultConfigurationIsVisible = 0;
			defaultConfigurationName = Release;
		};
		37622BAE2D075D210091E85A /* Build configuration list for PBXNativeTarget "ImageAppMvvmTests" */ = {
			isa = XCConfigurationList;
			buildConfigurations = (
				37622BAF2D075D210091E85A /* Debug */,
				37622BB02D075D210091E85A /* Release */,
			);
			defaultConfigurationIsVisible = 0;
			defaultConfigurationName = Release;
		};
		37622BB12D075D210091E85A /* Build configuration list for PBXNativeTarget "ImageAppMvvmUITests" */ = {
			isa = XCConfigurationList;
			buildConfigurations = (
				37622BB22D075D210091E85A /* Debug */,
				37622BB32D075D210091E85A /* Release */,
			);
			defaultConfigurationIsVisible = 0;
			defaultConfigurationName = Release;
		};
/* End XCConfigurationList section */
	};
	rootObject = 37622B782D075D1F0091E85A /* Project object */;
}
